// !$*UTF8*$!
{
	archiveVersion = 1;
	classes = {
	};
	objectVersion = 50;
	objects = {

/* Begin PBXBuildFile section */
		30B0DE3020C290170052DCF4 /* AppDelegate.swift in Sources */ = {isa = PBXBuildFile; fileRef = 30B0DE2F20C290170052DCF4 /* AppDelegate.swift */; };
		30B0DE3520C290170052DCF4 /* Main.storyboard in Resources */ = {isa = PBXBuildFile; fileRef = 30B0DE3320C290170052DCF4 /* Main.storyboard */; };
		30B0DE3720C2901E0052DCF4 /* Assets.xcassets in Resources */ = {isa = PBXBuildFile; fileRef = 30B0DE3620C2901E0052DCF4 /* Assets.xcassets */; };
		30B0DE3A20C2901E0052DCF4 /* LaunchScreen.storyboard in Resources */ = {isa = PBXBuildFile; fileRef = 30B0DE3820C2901E0052DCF4 /* LaunchScreen.storyboard */; };
		30B0DE4520C2901E0052DCF4 /* bnrg_ios_photoramaTests.swift in Sources */ = {isa = PBXBuildFile; fileRef = 30B0DE4420C2901E0052DCF4 /* bnrg_ios_photoramaTests.swift */; };
		30B0DE5020C2901E0052DCF4 /* bnrg_ios_photoramaUITests.swift in Sources */ = {isa = PBXBuildFile; fileRef = 30B0DE4F20C2901E0052DCF4 /* bnrg_ios_photoramaUITests.swift */; };
		30B0DE5E20C291CB0052DCF4 /* PhotosViewController.swift in Sources */ = {isa = PBXBuildFile; fileRef = 30B0DE5D20C291CB0052DCF4 /* PhotosViewController.swift */; };
		30B0DE6020C2A4000052DCF4 /* FlickrAPI.swift in Sources */ = {isa = PBXBuildFile; fileRef = 30B0DE5F20C2A4000052DCF4 /* FlickrAPI.swift */; };
		30B0DE6220C2B0320052DCF4 /* PhotoStore.swift in Sources */ = {isa = PBXBuildFile; fileRef = 30B0DE6120C2B0320052DCF4 /* PhotoStore.swift */; };
/* End PBXBuildFile section */

/* Begin PBXContainerItemProxy section */
		30B0DE4120C2901E0052DCF4 /* PBXContainerItemProxy */ = {
			isa = PBXContainerItemProxy;
			containerPortal = 30B0DE2420C290170052DCF4 /* Project object */;
			proxyType = 1;
			remoteGlobalIDString = 30B0DE2B20C290170052DCF4;
			remoteInfo = bnrg_ios_photorama;
		};
		30B0DE4C20C2901E0052DCF4 /* PBXContainerItemProxy */ = {
			isa = PBXContainerItemProxy;
			containerPortal = 30B0DE2420C290170052DCF4 /* Project object */;
			proxyType = 1;
			remoteGlobalIDString = 30B0DE2B20C290170052DCF4;
			remoteInfo = bnrg_ios_photorama;
		};
/* End PBXContainerItemProxy section */

/* Begin PBXFileReference section */
		30B0DE2C20C290170052DCF4 /* bnrg_ios_photorama.app */ = {isa = PBXFileReference; explicitFileType = wrapper.application; includeInIndex = 0; path = bnrg_ios_photorama.app; sourceTree = BUILT_PRODUCTS_DIR; };
		30B0DE2F20C290170052DCF4 /* AppDelegate.swift */ = {isa = PBXFileReference; lastKnownFileType = sourcecode.swift; path = AppDelegate.swift; sourceTree = "<group>"; };
		30B0DE3420C290170052DCF4 /* Base */ = {isa = PBXFileReference; lastKnownFileType = file.storyboard; name = Base; path = Base.lproj/Main.storyboard; sourceTree = "<group>"; };
		30B0DE3620C2901E0052DCF4 /* Assets.xcassets */ = {isa = PBXFileReference; lastKnownFileType = folder.assetcatalog; path = Assets.xcassets; sourceTree = "<group>"; };
		30B0DE3920C2901E0052DCF4 /* Base */ = {isa = PBXFileReference; lastKnownFileType = file.storyboard; name = Base; path = Base.lproj/LaunchScreen.storyboard; sourceTree = "<group>"; };
		30B0DE3B20C2901E0052DCF4 /* Info.plist */ = {isa = PBXFileReference; lastKnownFileType = text.plist.xml; path = Info.plist; sourceTree = "<group>"; };
		30B0DE4020C2901E0052DCF4 /* bnrg_ios_photoramaTests.xctest */ = {isa = PBXFileReference; explicitFileType = wrapper.cfbundle; includeInIndex = 0; path = bnrg_ios_photoramaTests.xctest; sourceTree = BUILT_PRODUCTS_DIR; };
		30B0DE4420C2901E0052DCF4 /* bnrg_ios_photoramaTests.swift */ = {isa = PBXFileReference; lastKnownFileType = sourcecode.swift; path = bnrg_ios_photoramaTests.swift; sourceTree = "<group>"; };
		30B0DE4620C2901E0052DCF4 /* Info.plist */ = {isa = PBXFileReference; lastKnownFileType = text.plist.xml; path = Info.plist; sourceTree = "<group>"; };
		30B0DE4B20C2901E0052DCF4 /* bnrg_ios_photoramaUITests.xctest */ = {isa = PBXFileReference; explicitFileType = wrapper.cfbundle; includeInIndex = 0; path = bnrg_ios_photoramaUITests.xctest; sourceTree = BUILT_PRODUCTS_DIR; };
		30B0DE4F20C2901E0052DCF4 /* bnrg_ios_photoramaUITests.swift */ = {isa = PBXFileReference; lastKnownFileType = sourcecode.swift; path = bnrg_ios_photoramaUITests.swift; sourceTree = "<group>"; };
		30B0DE5120C2901E0052DCF4 /* Info.plist */ = {isa = PBXFileReference; lastKnownFileType = text.plist.xml; path = Info.plist; sourceTree = "<group>"; };
		30B0DE5D20C291CB0052DCF4 /* PhotosViewController.swift */ = {isa = PBXFileReference; lastKnownFileType = sourcecode.swift; path = PhotosViewController.swift; sourceTree = "<group>"; };
		30B0DE5F20C2A4000052DCF4 /* FlickrAPI.swift */ = {isa = PBXFileReference; lastKnownFileType = sourcecode.swift; path = FlickrAPI.swift; sourceTree = "<group>"; };
		30B0DE6120C2B0320052DCF4 /* PhotoStore.swift */ = {isa = PBXFileReference; lastKnownFileType = sourcecode.swift; path = PhotoStore.swift; sourceTree = "<group>"; };
/* End PBXFileReference section */

/* Begin PBXFrameworksBuildPhase section */
		30B0DE2920C290170052DCF4 /* Frameworks */ = {
			isa = PBXFrameworksBuildPhase;
			buildActionMask = 2147483647;
			files = (
			);
			runOnlyForDeploymentPostprocessing = 0;
		};
		30B0DE3D20C2901E0052DCF4 /* Frameworks */ = {
			isa = PBXFrameworksBuildPhase;
			buildActionMask = 2147483647;
			files = (
			);
			runOnlyForDeploymentPostprocessing = 0;
		};
		30B0DE4820C2901E0052DCF4 /* Frameworks */ = {
			isa = PBXFrameworksBuildPhase;
			buildActionMask = 2147483647;
			files = (
			);
			runOnlyForDeploymentPostprocessing = 0;
		};
/* End PBXFrameworksBuildPhase section */

/* Begin PBXGroup section */
		30B0DE2320C290170052DCF4 = {
			isa = PBXGroup;
			children = (
				30B0DE2E20C290170052DCF4 /* bnrg_ios_photorama */,
				30B0DE4320C2901E0052DCF4 /* bnrg_ios_photoramaTests */,
				30B0DE4E20C2901E0052DCF4 /* bnrg_ios_photoramaUITests */,
				30B0DE2D20C290170052DCF4 /* Products */,
			);
			sourceTree = "<group>";
		};
		30B0DE2D20C290170052DCF4 /* Products */ = {
			isa = PBXGroup;
			children = (
				30B0DE2C20C290170052DCF4 /* bnrg_ios_photorama.app */,
				30B0DE4020C2901E0052DCF4 /* bnrg_ios_photoramaTests.xctest */,
				30B0DE4B20C2901E0052DCF4 /* bnrg_ios_photoramaUITests.xctest */,
			);
			name = Products;
			sourceTree = "<group>";
		};
		30B0DE2E20C290170052DCF4 /* bnrg_ios_photorama */ = {
			isa = PBXGroup;
			children = (
				30B0DE2F20C290170052DCF4 /* AppDelegate.swift */,
				30B0DE5D20C291CB0052DCF4 /* PhotosViewController.swift */,
				30B0DE5F20C2A4000052DCF4 /* FlickrAPI.swift */,
				30B0DE6120C2B0320052DCF4 /* PhotoStore.swift */,
				30B0DE3320C290170052DCF4 /* Main.storyboard */,
				30B0DE3620C2901E0052DCF4 /* Assets.xcassets */,
				30B0DE3820C2901E0052DCF4 /* LaunchScreen.storyboard */,
				30B0DE3B20C2901E0052DCF4 /* Info.plist */,
			);
			path = bnrg_ios_photorama;
			sourceTree = "<group>";
		};
		30B0DE4320C2901E0052DCF4 /* bnrg_ios_photoramaTests */ = {
			isa = PBXGroup;
			children = (
				30B0DE4420C2901E0052DCF4 /* bnrg_ios_photoramaTests.swift */,
				30B0DE4620C2901E0052DCF4 /* Info.plist */,
			);
			path = bnrg_ios_photoramaTests;
			sourceTree = "<group>";
		};
		30B0DE4E20C2901E0052DCF4 /* bnrg_ios_photoramaUITests */ = {
			isa = PBXGroup;
			children = (
				30B0DE4F20C2901E0052DCF4 /* bnrg_ios_photoramaUITests.swift */,
				30B0DE5120C2901E0052DCF4 /* Info.plist */,
			);
			path = bnrg_ios_photoramaUITests;
			sourceTree = "<group>";
		};
/* End PBXGroup section */

/* Begin PBXNativeTarget section */
		30B0DE2B20C290170052DCF4 /* bnrg_ios_photorama */ = {
			isa = PBXNativeTarget;
			buildConfigurationList = 30B0DE5420C2901E0052DCF4 /* Build configuration list for PBXNativeTarget "bnrg_ios_photorama" */;
			buildPhases = (
				30B0DE2820C290170052DCF4 /* Sources */,
				30B0DE2920C290170052DCF4 /* Frameworks */,
				30B0DE2A20C290170052DCF4 /* Resources */,
			);
			buildRules = (
			);
			dependencies = (
			);
			name = bnrg_ios_photorama;
			productName = bnrg_ios_photorama;
			productReference = 30B0DE2C20C290170052DCF4 /* bnrg_ios_photorama.app */;
			productType = "com.apple.product-type.application";
		};
		30B0DE3F20C2901E0052DCF4 /* bnrg_ios_photoramaTests */ = {
			isa = PBXNativeTarget;
			buildConfigurationList = 30B0DE5720C2901E0052DCF4 /* Build configuration list for PBXNativeTarget "bnrg_ios_photoramaTests" */;
			buildPhases = (
				30B0DE3C20C2901E0052DCF4 /* Sources */,
				30B0DE3D20C2901E0052DCF4 /* Frameworks */,
				30B0DE3E20C2901E0052DCF4 /* Resources */,
			);
			buildRules = (
			);
			dependencies = (
				30B0DE4220C2901E0052DCF4 /* PBXTargetDependency */,
			);
			name = bnrg_ios_photoramaTests;
			productName = bnrg_ios_photoramaTests;
			productReference = 30B0DE4020C2901E0052DCF4 /* bnrg_ios_photoramaTests.xctest */;
			productType = "com.apple.product-type.bundle.unit-test";
		};
		30B0DE4A20C2901E0052DCF4 /* bnrg_ios_photoramaUITests */ = {
			isa = PBXNativeTarget;
			buildConfigurationList = 30B0DE5A20C2901E0052DCF4 /* Build configuration list for PBXNativeTarget "bnrg_ios_photoramaUITests" */;
			buildPhases = (
				30B0DE4720C2901E0052DCF4 /* Sources */,
				30B0DE4820C2901E0052DCF4 /* Frameworks */,
				30B0DE4920C2901E0052DCF4 /* Resources */,
			);
			buildRules = (
			);
			dependencies = (
				30B0DE4D20C2901E0052DCF4 /* PBXTargetDependency */,
			);
			name = bnrg_ios_photoramaUITests;
			productName = bnrg_ios_photoramaUITests;
			productReference = 30B0DE4B20C2901E0052DCF4 /* bnrg_ios_photoramaUITests.xctest */;
			productType = "com.apple.product-type.bundle.ui-testing";
		};
/* End PBXNativeTarget section */

/* Begin PBXProject section */
		30B0DE2420C290170052DCF4 /* Project object */ = {
			isa = PBXProject;
			attributes = {
				LastSwiftUpdateCheck = 0930;
				LastUpgradeCheck = 0930;
				ORGANIZATIONNAME = "Roman Brazhnikov";
				TargetAttributes = {
					30B0DE2B20C290170052DCF4 = {
						CreatedOnToolsVersion = 9.3.1;
					};
					30B0DE3F20C2901E0052DCF4 = {
						CreatedOnToolsVersion = 9.3.1;
						TestTargetID = 30B0DE2B20C290170052DCF4;
					};
					30B0DE4A20C2901E0052DCF4 = {
						CreatedOnToolsVersion = 9.3.1;
						TestTargetID = 30B0DE2B20C290170052DCF4;
					};
				};
			};
			buildConfigurationList = 30B0DE2720C290170052DCF4 /* Build configuration list for PBXProject "bnrg_ios_photorama" */;
			compatibilityVersion = "Xcode 9.3";
			developmentRegion = en;
			hasScannedForEncodings = 0;
			knownRegions = (
				en,
				Base,
			);
			mainGroup = 30B0DE2320C290170052DCF4;
			productRefGroup = 30B0DE2D20C290170052DCF4 /* Products */;
			projectDirPath = "";
			projectRoot = "";
			targets = (
				30B0DE2B20C290170052DCF4 /* bnrg_ios_photorama */,
				30B0DE3F20C2901E0052DCF4 /* bnrg_ios_photoramaTests */,
				30B0DE4A20C2901E0052DCF4 /* bnrg_ios_photoramaUITests */,
			);
		};
/* End PBXProject section */

/* Begin PBXResourcesBuildPhase section */
		30B0DE2A20C290170052DCF4 /* Resources */ = {
			isa = PBXResourcesBuildPhase;
			buildActionMask = 2147483647;
			files = (
				30B0DE3A20C2901E0052DCF4 /* LaunchScreen.storyboard in Resources */,
				30B0DE3720C2901E0052DCF4 /* Assets.xcassets in Resources */,
				30B0DE3520C290170052DCF4 /* Main.storyboard in Resources */,
			);
			runOnlyForDeploymentPostprocessing = 0;
		};
		30B0DE3E20C2901E0052DCF4 /* Resources */ = {
			isa = PBXResourcesBuildPhase;
			buildActionMask = 2147483647;
			files = (
			);
			runOnlyForDeploymentPostprocessing = 0;
		};
		30B0DE4920C2901E0052DCF4 /* Resources */ = {
			isa = PBXResourcesBuildPhase;
			buildActionMask = 2147483647;
			files = (
			);
			runOnlyForDeploymentPostprocessing = 0;
		};
/* End PBXResourcesBuildPhase section */

/* Begin PBXSourcesBuildPhase section */
		30B0DE2820C290170052DCF4 /* Sources */ = {
			isa = PBXSourcesBuildPhase;
			buildActionMask = 2147483647;
			files = (
				30B0DE6020C2A4000052DCF4 /* FlickrAPI.swift in Sources */,
				30B0DE5E20C291CB0052DCF4 /* PhotosViewController.swift in Sources */,
				30B0DE6220C2B0320052DCF4 /* PhotoStore.swift in Sources */,
				30B0DE3020C290170052DCF4 /* AppDelegate.swift in Sources */,
			);
			runOnlyForDeploymentPostprocessing = 0;
		};
		30B0DE3C20C2901E0052DCF4 /* Sources */ = {
			isa = PBXSourcesBuildPhase;
			buildActionMask = 2147483647;
			files = (
				30B0DE4520C2901E0052DCF4 /* bnrg_ios_photoramaTests.swift in Sources */,
			);
			runOnlyForDeploymentPostprocessing = 0;
		};
		30B0DE4720C2901E0052DCF4 /* Sources */ = {
			isa = PBXSourcesBuildPhase;
			buildActionMask = 2147483647;
			files = (
				30B0DE5020C2901E0052DCF4 /* bnrg_ios_photoramaUITests.swift in Sources */,
			);
			runOnlyForDeploymentPostprocessing = 0;
		};
/* End PBXSourcesBuildPhase section */

/* Begin PBXTargetDependency section */
		30B0DE4220C2901E0052DCF4 /* PBXTargetDependency */ = {
			isa = PBXTargetDependency;
			target = 30B0DE2B20C290170052DCF4 /* bnrg_ios_photorama */;
			targetProxy = 30B0DE4120C2901E0052DCF4 /* PBXContainerItemProxy */;
		};
		30B0DE4D20C2901E0052DCF4 /* PBXTargetDependency */ = {
			isa = PBXTargetDependency;
			target = 30B0DE2B20C290170052DCF4 /* bnrg_ios_photorama */;
			targetProxy = 30B0DE4C20C2901E0052DCF4 /* PBXContainerItemProxy */;
		};
/* End PBXTargetDependency section */

/* Begin PBXVariantGroup section */
		30B0DE3320C290170052DCF4 /* Main.storyboard */ = {
			isa = PBXVariantGroup;
			children = (
				30B0DE3420C290170052DCF4 /* Base */,
			);
			name = Main.storyboard;
			sourceTree = "<group>";
		};
		30B0DE3820C2901E0052DCF4 /* LaunchScreen.storyboard */ = {
			isa = PBXVariantGroup;
			children = (
				30B0DE3920C2901E0052DCF4 /* Base */,
			);
			name = LaunchScreen.storyboard;
			sourceTree = "<group>";
		};
/* End PBXVariantGroup section */

/* Begin XCBuildConfiguration section */
		30B0DE5220C2901E0052DCF4 /* Debug */ = {
			isa = XCBuildConfiguration;
			buildSettings = {
				ALWAYS_SEARCH_USER_PATHS = NO;
				CLANG_ANALYZER_NONNULL = YES;
				CLANG_ANALYZER_NUMBER_OBJECT_CONVERSION = YES_AGGRESSIVE;
				CLANG_CXX_LANGUAGE_STANDARD = "gnu++14";
				CLANG_CXX_LIBRARY = "libc++";
				CLANG_ENABLE_MODULES = YES;
				CLANG_ENABLE_OBJC_ARC = YES;
				CLANG_ENABLE_OBJC_WEAK = YES;
				CLANG_WARN_BLOCK_CAPTURE_AUTORELEASING = YES;
				CLANG_WARN_BOOL_CONVERSION = YES;
				CLANG_WARN_COMMA = YES;
				CLANG_WARN_CONSTANT_CONVERSION = YES;
				CLANG_WARN_DEPRECATED_OBJC_IMPLEMENTATIONS = YES;
				CLANG_WARN_DIRECT_OBJC_ISA_USAGE = YES_ERROR;
				CLANG_WARN_DOCUMENTATION_COMMENTS = YES;
				CLANG_WARN_EMPTY_BODY = YES;
				CLANG_WARN_ENUM_CONVERSION = YES;
				CLANG_WARN_INFINITE_RECURSION = YES;
				CLANG_WARN_INT_CONVERSION = YES;
				CLANG_WARN_NON_LITERAL_NULL_CONVERSION = YES;
				CLANG_WARN_OBJC_IMPLICIT_RETAIN_SELF = YES;
				CLANG_WARN_OBJC_LITERAL_CONVERSION = YES;
				CLANG_WARN_OBJC_ROOT_CLASS = YES_ERROR;
				CLANG_WARN_RANGE_LOOP_ANALYSIS = YES;
				CLANG_WARN_STRICT_PROTOTYPES = YES;
				CLANG_WARN_SUSPICIOUS_MOVE = YES;
				CLANG_WARN_UNGUARDED_AVAILABILITY = YES_AGGRESSIVE;
				CLANG_WARN_UNREACHABLE_CODE = YES;
				CLANG_WARN__DUPLICATE_METHOD_MATCH = YES;
				CODE_SIGN_IDENTITY = "iPhone Developer";
				COPY_PHASE_STRIP = NO;
				DEBUG_INFORMATION_FORMAT = dwarf;
				ENABLE_STRICT_OBJC_MSGSEND = YES;
				ENABLE_TESTABILITY = YES;
				GCC_C_LANGUAGE_STANDARD = gnu11;
				GCC_DYNAMIC_NO_PIC = NO;
				GCC_NO_COMMON_BLOCKS = YES;
				GCC_OPTIMIZATION_LEVEL = 0;
				GCC_PREPROCESSOR_DEFINITIONS = (
					"DEBUG=1",
					"$(inherited)",
				);
				GCC_WARN_64_TO_32_BIT_CONVERSION = YES;
				GCC_WARN_ABOUT_RETURN_TYPE = YES_ERROR;
				GCC_WARN_UNDECLARED_SELECTOR = YES;
				GCC_WARN_UNINITIALIZED_AUTOS = YES_AGGRESSIVE;
				GCC_WARN_UNUSED_FUNCTION = YES;
				GCC_WARN_UNUSED_VARIABLE = YES;
				IPHONEOS_DEPLOYMENT_TARGET = 11.3;
				MTL_ENABLE_DEBUG_INFO = YES;
				ONLY_ACTIVE_ARCH = YES;
				SDKROOT = iphoneos;
				SWIFT_ACTIVE_COMPILATION_CONDITIONS = DEBUG;
				SWIFT_OPTIMIZATION_LEVEL = "-Onone";
			};
			name = Debug;
		};
		30B0DE5320C2901E0052DCF4 /* Release */ = {
			isa = XCBuildConfiguration;
			buildSettings = {
				ALWAYS_SEARCH_USER_PATHS = NO;
				CLANG_ANALYZER_NONNULL = YES;
				CLANG_ANALYZER_NUMBER_OBJECT_CONVERSION = YES_AGGRESSIVE;
				CLANG_CXX_LANGUAGE_STANDARD = "gnu++14";
				CLANG_CXX_LIBRARY = "libc++";
				CLANG_ENABLE_MODULES = YES;
				CLANG_ENABLE_OBJC_ARC = YES;
				CLANG_ENABLE_OBJC_WEAK = YES;
				CLANG_WARN_BLOCK_CAPTURE_AUTORELEASING = YES;
				CLANG_WARN_BOOL_CONVERSION = YES;
				CLANG_WARN_COMMA = YES;
				CLANG_WARN_CONSTANT_CONVERSION = YES;
				CLANG_WARN_DEPRECATED_OBJC_IMPLEMENTATIONS = YES;
				CLANG_WARN_DIRECT_OBJC_ISA_USAGE = YES_ERROR;
				CLANG_WARN_DOCUMENTATION_COMMENTS = YES;
				CLANG_WARN_EMPTY_BODY = YES;
				CLANG_WARN_ENUM_CONVERSION = YES;
				CLANG_WARN_INFINITE_RECURSION = YES;
				CLANG_WARN_INT_CONVERSION = YES;
				CLANG_WARN_NON_LITERAL_NULL_CONVERSION = YES;
				CLANG_WARN_OBJC_IMPLICIT_RETAIN_SELF = YES;
				CLANG_WARN_OBJC_LITERAL_CONVERSION = YES;
				CLANG_WARN_OBJC_ROOT_CLASS = YES_ERROR;
				CLANG_WARN_RANGE_LOOP_ANALYSIS = YES;
				CLANG_WARN_STRICT_PROTOTYPES = YES;
				CLANG_WARN_SUSPICIOUS_MOVE = YES;
				CLANG_WARN_UNGUARDED_AVAILABILITY = YES_AGGRESSIVE;
				CLANG_WARN_UNREACHABLE_CODE = YES;
				CLANG_WARN__DUPLICATE_METHOD_MATCH = YES;
				CODE_SIGN_IDENTITY = "iPhone Developer";
				COPY_PHASE_STRIP = NO;
				DEBUG_INFORMATION_FORMAT = "dwarf-with-dsym";
				ENABLE_NS_ASSERTIONS = NO;
				ENABLE_STRICT_OBJC_MSGSEND = YES;
				GCC_C_LANGUAGE_STANDARD = gnu11;
				GCC_NO_COMMON_BLOCKS = YES;
				GCC_WARN_64_TO_32_BIT_CONVERSION = YES;
				GCC_WARN_ABOUT_RETURN_TYPE = YES_ERROR;
				GCC_WARN_UNDECLARED_SELECTOR = YES;
				GCC_WARN_UNINITIALIZED_AUTOS = YES_AGGRESSIVE;
				GCC_WARN_UNUSED_FUNCTION = YES;
				GCC_WARN_UNUSED_VARIABLE = YES;
				IPHONEOS_DEPLOYMENT_TARGET = 11.3;
				MTL_ENABLE_DEBUG_INFO = NO;
				SDKROOT = iphoneos;
				SWIFT_COMPILATION_MODE = wholemodule;
				SWIFT_OPTIMIZATION_LEVEL = "-O";
				VALIDATE_PRODUCT = YES;
			};
			name = Release;
		};
		30B0DE5520C2901E0052DCF4 /* Debug */ = {
			isa = XCBuildConfiguration;
			buildSettings = {
				ASSETCATALOG_COMPILER_APPICON_NAME = AppIcon;
				CODE_SIGN_STYLE = Automatic;
				INFOPLIST_FILE = bnrg_ios_photorama/Info.plist;
				LD_RUNPATH_SEARCH_PATHS = (
					"$(inherited)",
					"@executable_path/Frameworks",
				);
				PRODUCT_BUNDLE_IDENTIFIER = "ru.romanbrazhnikov.bnrg-ios-photorama";
				PRODUCT_NAME = "$(TARGET_NAME)";
				SWIFT_VERSION = 4.0;
				TARGETED_DEVICE_FAMILY = "1,2";
			};
			name = Debug;
		};
		30B0DE5620C2901E0052DCF4 /* Release */ = {
			isa = XCBuildConfiguration;
			buildSettings = {
				ASSETCATALOG_COMPILER_APPICON_NAME = AppIcon;
				CODE_SIGN_STYLE = Automatic;
				INFOPLIST_FILE = bnrg_ios_photorama/Info.plist;
				LD_RUNPATH_SEARCH_PATHS = (
					"$(inherited)",
					"@executable_path/Frameworks",
				);
				PRODUCT_BUNDLE_IDENTIFIER = "ru.romanbrazhnikov.bnrg-ios-photorama";
				PRODUCT_NAME = "$(TARGET_NAME)";
				SWIFT_VERSION = 4.0;
				TARGETED_DEVICE_FAMILY = "1,2";
			};
			name = Release;
		};
		30B0DE5820C2901E0052DCF4 /* Debug */ = {
			isa = XCBuildConfiguration;
			buildSettings = {
				ALWAYS_EMBED_SWIFT_STANDARD_LIBRARIES = YES;
				BUNDLE_LOADER = "$(TEST_HOST)";
				CODE_SIGN_STYLE = Automatic;
				INFOPLIST_FILE = bnrg_ios_photoramaTests/Info.plist;
				LD_RUNPATH_SEARCH_PATHS = (
					"$(inherited)",
					"@executable_path/Frameworks",
					"@loader_path/Frameworks",
				);
				PRODUCT_BUNDLE_IDENTIFIER = "ru.romanbrazhnikov.bnrg-ios-photoramaTests";
				PRODUCT_NAME = "$(TARGET_NAME)";
				SWIFT_VERSION = 4.0;
				TARGETED_DEVICE_FAMILY = "1,2";
				TEST_HOST = "$(BUILT_PRODUCTS_DIR)/bnrg_ios_photorama.app/bnrg_ios_photorama";
			};
			name = Debug;
		};
		30B0DE5920C2901E0052DCF4 /* Release */ = {
			isa = XCBuildConfiguration;
			buildSettings = {
				ALWAYS_EMBED_SWIFT_STANDARD_LIBRARIES = YES;
				BUNDLE_LOADER = "$(TEST_HOST)";
				CODE_SIGN_STYLE = Automatic;
				INFOPLIST_FILE = bnrg_ios_photoramaTests/Info.plist;
				LD_RUNPATH_SEARCH_PATHS = (
					"$(inherited)",
					"@executable_path/Frameworks",
					"@loader_path/Frameworks",
				);
				PRODUCT_BUNDLE_IDENTIFIER = "ru.romanbrazhnikov.bnrg-ios-photoramaTests";
				PRODUCT_NAME = "$(TARGET_NAME)";
				SWIFT_VERSION = 4.0;
				TARGETED_DEVICE_FAMILY = "1,2";
				TEST_HOST = "$(BUILT_PRODUCTS_DIR)/bnrg_ios_photorama.app/bnrg_ios_photorama";
			};
			name = Release;
		};
		30B0DE5B20C2901E0052DCF4 /* Debug */ = {
			isa = XCBuildConfiguration;
			buildSettings = {
				ALWAYS_EMBED_SWIFT_STANDARD_LIBRARIES = YES;
				CODE_SIGN_STYLE = Automatic;
				INFOPLIST_FILE = bnrg_ios_photoramaUITests/Info.plist;
				LD_RUNPATH_SEARCH_PATHS = (
					"$(inherited)",
					"@executable_path/Frameworks",
					"@loader_path/Frameworks",
				);
				PRODUCT_BUNDLE_IDENTIFIER = "ru.romanbrazhnikov.bnrg-ios-photoramaUITests";
				PRODUCT_NAME = "$(TARGET_NAME)";
				SWIFT_VERSION = 4.0;
				TARGETED_DEVICE_FAMILY = "1,2";
				TEST_TARGET_NAME = bnrg_ios_photorama;
			};
			name = Debug;
		};
		30B0DE5C20C2901E0052DCF4 /* Release */ = {
			isa = XCBuildConfiguration;
			buildSettings = {
				ALWAYS_EMBED_SWIFT_STANDARD_LIBRARIES = YES;
				CODE_SIGN_STYLE = Automatic;
				INFOPLIST_FILE = bnrg_ios_photoramaUITests/Info.plist;
				LD_RUNPATH_SEARCH_PATHS = (
					"$(inherited)",
					"@executable_path/Frameworks",
					"@loader_path/Frameworks",
				);
				PRODUCT_BUNDLE_IDENTIFIER = "ru.romanbrazhnikov.bnrg-ios-photoramaUITests";
				PRODUCT_NAME = "$(TARGET_NAME)";
				SWIFT_VERSION = 4.0;
				TARGETED_DEVICE_FAMILY = "1,2";
				TEST_TARGET_NAME = bnrg_ios_photorama;
			};
			name = Release;
		};
/* End XCBuildConfiguration section */

/* Begin XCConfigurationList section */
		30B0DE2720C290170052DCF4 /* Build configuration list for PBXProject "bnrg_ios_photorama" */ = {
			isa = XCConfigurationList;
			buildConfigurations = (
				30B0DE5220C2901E0052DCF4 /* Debug */,
				30B0DE5320C2901E0052DCF4 /* Release */,
			);
			defaultConfigurationIsVisible = 0;
			defaultConfigurationName = Release;
		};
		30B0DE5420C2901E0052DCF4 /* Build configuration list for PBXNativeTarget "bnrg_ios_photorama" */ = {
			isa = XCConfigurationList;
			buildConfigurations = (
				30B0DE5520C2901E0052DCF4 /* Debug */,
				30B0DE5620C2901E0052DCF4 /* Release */,
			);
			defaultConfigurationIsVisible = 0;
			defaultConfigurationName = Release;
		};
		30B0DE5720C2901E0052DCF4 /* Build configuration list for PBXNativeTarget "bnrg_ios_photoramaTests" */ = {
			isa = XCConfigurationList;
			buildConfigurations = (
				30B0DE5820C2901E0052DCF4 /* Debug */,
				30B0DE5920C2901E0052DCF4 /* Release */,
			);
			defaultConfigurationIsVisible = 0;
			defaultConfigurationName = Release;
		};
		30B0DE5A20C2901E0052DCF4 /* Build configuration list for PBXNativeTarget "bnrg_ios_photoramaUITests" */ = {
			isa = XCConfigurationList;
			buildConfigurations = (
				30B0DE5B20C2901E0052DCF4 /* Debug */,
				30B0DE5C20C2901E0052DCF4 /* Release */,
			);
			defaultConfigurationIsVisible = 0;
			defaultConfigurationName = Release;
		};
/* End XCConfigurationList section */
	};
	rootObject = 30B0DE2420C290170052DCF4 /* Project object */;
}
